
Microsoft Visual Studio Solution File, Format Version 12.00
# Visual Studio Version 16
VisualStudioVersion = 16.0.30907.101
MinimumVisualStudioVersion = 10.0.40219.1
Project("{9A19103F-16F7-4668-BE54-9A1E7A4F7556}") = "FindingSpecialNumbers", "FindingSpecialNumbers\FindingSpecialNumbers.csproj", "{BE2E0626-890E-436D-9EDA-B9EE1F5A4016}"
EndProject
Project("{9A19103F-16F7-4668-BE54-9A1E7A4F7556}") = "E-Commerce", "E-Commerce\E-Commerce.csproj", "{1B96730E-7464-4D8E-80EF-B0C84B1B3E9C}"
EndProject
Global
	GlobalSection(SolutionConfigurationPlatforms) = preSolution
		Debug|Any CPU = Debug|Any CPU
		Release|Any CPU = Release|Any CPU
	EndGlobalSection
	GlobalSection(ProjectConfigurationPlatforms) = postSolution
		{BE2E0626-890E-436D-9EDA-B9EE1F5A4016}.Debug|Any CPU.ActiveCfg = Debug|Any CPU
		{BE2E0626-890E-436D-9EDA-B9EE1F5A4016}.Debug|Any CPU.Build.0 = Debug|Any CPU
		{BE2E0626-890E-436D-9EDA-B9EE1F5A4016}.Release|Any CPU.ActiveCfg = Release|Any CPU
		{BE2E0626-890E-436D-9EDA-B9EE1F5A4016}.Release|Any CPU.Build.0 = Release|Any CPU
		{1B96730E-7464-4D8E-80EF-B0C84B1B3E9C}.Debug|Any CPU.ActiveCfg = Debug|Any CPU
		{1B96730E-7464-4D8E-80EF-B0C84B1B3E9C}.Debug|Any CPU.Build.0 = Debug|Any CPU
		{1B96730E-7464-4D8E-80EF-B0C84B1B3E9C}.Release|Any CPU.ActiveCfg = Release|Any CPU
		{1B96730E-7464-4D8E-80EF-B0C84B1B3E9C}.Release|Any CPU.Build.0 = Release|Any CPU
	EndGlobalSection
	GlobalSection(SolutionProperties) = preSolution
		HideSolutionNode = FALSE
	EndGlobalSection
	GlobalSection(ExtensibilityGlobals) = postSolution
		SolutionGuid = {1D5E7CE3-2976-4E26-BA16-4147BC30100F}
	EndGlobalSection
EndGlobal
